
Microsoft Visual Studio Solution File, Format Version 12.00
# Visual Studio Version 17
VisualStudioVersion = 17.14.36327.8 d17.14
MinimumVisualStudioVersion = 10.0.40219.1
Project("{FAE04EC0-301F-11D3-BF4B-00C04F79EFBC}") = "RegistrationApp", "RegistrationApp\RegistrationApp.csproj", "{FEB8B041-8AAD-4F09-971A-D9A26C5B0B23}"
EndProject
Global
	GlobalSection(SolutionConfigurationPlatforms) = preSolution
		Debug|Any CPU = Debug|Any CPU
		Release|Any CPU = Release|Any CPU
	EndGlobalSection
	GlobalSection(ProjectConfigurationPlatforms) = postSolution
		{FEB8B041-8AAD-4F09-971A-D9A26C5B0B23}.Debug|Any CPU.ActiveCfg = Debug|Any CPU
		{FEB8B041-8AAD-4F09-971A-D9A26C5B0B23}.Debug|Any CPU.Build.0 = Debug|Any CPU
		{FEB8B041-8AAD-4F09-971A-D9A26C5B0B23}.Release|Any CPU.ActiveCfg = Release|Any CPU
		{FEB8B041-8AAD-4F09-971A-D9A26C5B0B23}.Release|Any CPU.Build.0 = Release|Any CPU
	EndGlobalSection
	GlobalSection(SolutionProperties) = preSolution
		HideSolutionNode = FALSE
	EndGlobalSection
	GlobalSection(ExtensibilityGlobals) = postSolution
		SolutionGuid = {CD11ADF4-0E33-4538-8E39-174199021C08}
	EndGlobalSection
EndGlobal
